
Microsoft Visual Studio Solution File, Format Version 12.00
# Visual Studio Version 17
VisualStudioVersion = 17.8.34330.188
MinimumVisualStudioVersion = 10.0.40219.1
Project("{FAE04EC0-301F-11D3-BF4B-00C04F79EFBC}") = "parking-exercice", "parking-exercice\parking-exercice.csproj", "{BF81EECF-2EDF-48A3-A9CD-BA347686527F}"
EndProject
Global
	GlobalSection(SolutionConfigurationPlatforms) = preSolution
		Debug|Any CPU = Debug|Any CPU
		Release|Any CPU = Release|Any CPU
	EndGlobalSection
	GlobalSection(ProjectConfigurationPlatforms) = postSolution
		{BF81EECF-2EDF-48A3-A9CD-BA347686527F}.Debug|Any CPU.ActiveCfg = Debug|Any CPU
		{BF81EECF-2EDF-48A3-A9CD-BA347686527F}.Debug|Any CPU.Build.0 = Debug|Any CPU
		{BF81EECF-2EDF-48A3-A9CD-BA347686527F}.Release|Any CPU.ActiveCfg = Release|Any CPU
		{BF81EECF-2EDF-48A3-A9CD-BA347686527F}.Release|Any CPU.Build.0 = Release|Any CPU
	EndGlobalSection
	GlobalSection(SolutionProperties) = preSolution
		HideSolutionNode = FALSE
	EndGlobalSection
	GlobalSection(ExtensibilityGlobals) = postSolution
		SolutionGuid = {4362FC3B-2901-4629-A879-5626A29A1EE9}
	EndGlobalSection
EndGlobal
